
Microsoft Visual Studio Solution File, Format Version 12.00
# Visual Studio Version 17
VisualStudioVersion = 17.4.33122.133
MinimumVisualStudioVersion = 10.0.40219.1
Project("{9A19103F-16F7-4668-BE54-9A1E7A4F7556}") = "Assessment", "Assessment\Assessment.csproj", "{97AE01DB-2310-4A50-ABCB-BE5C910DE9EC}"
EndProject
Global
	GlobalSection(SolutionConfigurationPlatforms) = preSolution
		Debug|Any CPU = Debug|Any CPU
		Release|Any CPU = Release|Any CPU
	EndGlobalSection
	GlobalSection(ProjectConfigurationPlatforms) = postSolution
		{97AE01DB-2310-4A50-ABCB-BE5C910DE9EC}.Debug|Any CPU.ActiveCfg = Debug|Any CPU
		{97AE01DB-2310-4A50-ABCB-BE5C910DE9EC}.Debug|Any CPU.Build.0 = Debug|Any CPU
		{97AE01DB-2310-4A50-ABCB-BE5C910DE9EC}.Release|Any CPU.ActiveCfg = Release|Any CPU
		{97AE01DB-2310-4A50-ABCB-BE5C910DE9EC}.Release|Any CPU.Build.0 = Release|Any CPU
	EndGlobalSection
	GlobalSection(SolutionProperties) = preSolution
		HideSolutionNode = FALSE
	EndGlobalSection
	GlobalSection(ExtensibilityGlobals) = postSolution
		SolutionGuid = {41180DF8-6FC3-4166-909F-6A6F6DDCBBA0}
	EndGlobalSection
EndGlobal
